// !$*UTF8*$!
{
	archiveVersion = 1;
	classes = {
	};
	objectVersion = 50;
	objects = {

/* Begin PBXBuildFile section */
		2876650224E2D1BD000A6BEC /* AppDelegate.swift in Sources */ = {isa = PBXBuildFile; fileRef = 2876650124E2D1BD000A6BEC /* AppDelegate.swift */; };
		2876650424E2D1BD000A6BEC /* SceneDelegate.swift in Sources */ = {isa = PBXBuildFile; fileRef = 2876650324E2D1BD000A6BEC /* SceneDelegate.swift */; };
		2876650624E2D1BD000A6BEC /* ContentView.swift in Sources */ = {isa = PBXBuildFile; fileRef = 2876650524E2D1BD000A6BEC /* ContentView.swift */; };
		2876650824E2D1C1000A6BEC /* Assets.xcassets in Resources */ = {isa = PBXBuildFile; fileRef = 2876650724E2D1C1000A6BEC /* Assets.xcassets */; };
		2876650B24E2D1C1000A6BEC /* Preview Assets.xcassets in Resources */ = {isa = PBXBuildFile; fileRef = 2876650A24E2D1C1000A6BEC /* Preview Assets.xcassets */; };
		2876650E24E2D1C1000A6BEC /* LaunchScreen.storyboard in Resources */ = {isa = PBXBuildFile; fileRef = 2876650C24E2D1C1000A6BEC /* LaunchScreen.storyboard */; };
/* End PBXBuildFile section */

/* Begin PBXFileReference section */
		287664FE24E2D1BD000A6BEC /* DragGestureA.app */ = {isa = PBXFileReference; explicitFileType = wrapper.application; includeInIndex = 0; path = DragGestureA.app; sourceTree = BUILT_PRODUCTS_DIR; };
		2876650124E2D1BD000A6BEC /* AppDelegate.swift */ = {isa = PBXFileReference; lastKnownFileType = sourcecode.swift; path = AppDelegate.swift; sourceTree = "<group>"; };
		2876650324E2D1BD000A6BEC /* SceneDelegate.swift */ = {isa = PBXFileReference; lastKnownFileType = sourcecode.swift; path = SceneDelegate.swift; sourceTree = "<group>"; };
		2876650524E2D1BD000A6BEC /* ContentView.swift */ = {isa = PBXFileReference; lastKnownFileType = sourcecode.swift; path = ContentView.swift; sourceTree = "<group>"; };
		2876650724E2D1C1000A6BEC /* Assets.xcassets */ = {isa = PBXFileReference; lastKnownFileType = folder.assetcatalog; path = Assets.xcassets; sourceTree = "<group>"; };
		2876650A24E2D1C1000A6BEC /* Preview Assets.xcassets */ = {isa = PBXFileReference; lastKnownFileType = folder.assetcatalog; path = "Preview Assets.xcassets"; sourceTree = "<group>"; };
		2876650D24E2D1C1000A6BEC /* Base */ = {isa = PBXFileReference; lastKnownFileType = file.storyboard; name = Base; path = Base.lproj/LaunchScreen.storyboard; sourceTree = "<group>"; };
		2876650F24E2D1C1000A6BEC /* Info.plist */ = {isa = PBXFileReference; lastKnownFileType = text.plist.xml; path = Info.plist; sourceTree = "<group>"; };
/* End PBXFileReference section */

/* Begin PBXFrameworksBuildPhase section */
		287664FB24E2D1BD000A6BEC /* Frameworks */ = {
			isa = PBXFrameworksBuildPhase;
			buildActionMask = 2147483647;
			files = (
			);
			runOnlyForDeploymentPostprocessing = 0;
		};
/* End PBXFrameworksBuildPhase section */

/* Begin PBXGroup section */
		287664F524E2D1BD000A6BEC = {
			isa = PBXGroup;
			children = (
				2876650024E2D1BD000A6BEC /* DragGestureA */,
				287664FF24E2D1BD000A6BEC /* Products */,
			);
			sourceTree = "<group>";
		};
		287664FF24E2D1BD000A6BEC /* Products */ = {
			isa = PBXGroup;
			children = (
				287664FE24E2D1BD000A6BEC /* DragGestureA.app */,
			);
			name = Products;
			sourceTree = "<group>";
		};
		2876650024E2D1BD000A6BEC /* DragGestureA */ = {
			isa = PBXGroup;
			children = (
				2876650124E2D1BD000A6BEC /* AppDelegate.swift */,
				2876650324E2D1BD000A6BEC /* SceneDelegate.swift */,
				2876650524E2D1BD000A6BEC /* ContentView.swift */,
				2876650724E2D1C1000A6BEC /* Assets.xcassets */,
				2876650C24E2D1C1000A6BEC /* LaunchScreen.storyboard */,
				2876650F24E2D1C1000A6BEC /* Info.plist */,
				2876650924E2D1C1000A6BEC /* Preview Content */,
			);
			path = DragGestureA;
			sourceTree = "<group>";
		};
		2876650924E2D1C1000A6BEC /* Preview Content */ = {
			isa = PBXGroup;
			children = (
				2876650A24E2D1C1000A6BEC /* Preview Assets.xcassets */,
			);
			path = "Preview Content";
			sourceTree = "<group>";
		};
/* End PBXGroup section */

/* Begin PBXNativeTarget section */
		287664FD24E2D1BD000A6BEC /* DragGestureA */ = {
			isa = PBXNativeTarget;
			buildConfigurationList = 2876651224E2D1C1000A6BEC /* Build configuration list for PBXNativeTarget "DragGestureA" */;
			buildPhases = (
				287664FA24E2D1BD000A6BEC /* Sources */,
				287664FB24E2D1BD000A6BEC /* Frameworks */,
				287664FC24E2D1BD000A6BEC /* Resources */,
			);
			buildRules = (
			);
			dependencies = (
			);
			name = DragGestureA;
			productName = DragGestureA;
			productReference = 287664FE24E2D1BD000A6BEC /* DragGestureA.app */;
			productType = "com.apple.product-type.application";
		};
/* End PBXNativeTarget section */

/* Begin PBXProject section */
		287664F624E2D1BD000A6BEC /* Project object */ = {
			isa = PBXProject;
			attributes = {
				LastSwiftUpdateCheck = 1130;
				LastUpgradeCheck = 1130;
				ORGANIZATIONNAME = "Banyu Center";
				TargetAttributes = {
					287664FD24E2D1BD000A6BEC = {
						CreatedOnToolsVersion = 11.3.1;
					};
				};
			};
			buildConfigurationList = 287664F924E2D1BD000A6BEC /* Build configuration list for PBXProject "DragGestureA" */;
			compatibilityVersion = "Xcode 9.3";
			developmentRegion = en;
			hasScannedForEncodings = 0;
			knownRegions = (
				en,
				Base,
			);
			mainGroup = 287664F524E2D1BD000A6BEC;
			productRefGroup = 287664FF24E2D1BD000A6BEC /* Products */;
			projectDirPath = "";
			projectRoot = "";
			targets = (
				287664FD24E2D1BD000A6BEC /* DragGestureA */,
			);
		};
/* End PBXProject section */

/* Begin PBXResourcesBuildPhase section */
		287664FC24E2D1BD000A6BEC /* Resources */ = {
			isa = PBXResourcesBuildPhase;
			buildActionMask = 2147483647;
			files = (
				2876650E24E2D1C1000A6BEC /* LaunchScreen.storyboard in Resources */,
				2876650B24E2D1C1000A6BEC /* Preview Assets.xcassets in Resources */,
				2876650824E2D1C1000A6BEC /* Assets.xcassets in Resources */,
			);
			runOnlyForDeploymentPostprocessing = 0;
		};
/* End PBXResourcesBuildPhase section */

/* Begin PBXSourcesBuildPhase section */
		287664FA24E2D1BD000A6BEC /* Sources */ = {
			isa = PBXSourcesBuildPhase;
			buildActionMask = 2147483647;
			files = (
				2876650224E2D1BD000A6BEC /* AppDelegate.swift in Sources */,
				2876650424E2D1BD000A6BEC /* SceneDelegate.swift in Sources */,
				2876650624E2D1BD000A6BEC /* ContentView.swift in Sources */,
			);
			runOnlyForDeploymentPostprocessing = 0;
		};
/* End PBXSourcesBuildPhase section */

/* Begin PBXVariantGroup section */
		2876650C24E2D1C1000A6BEC /* LaunchScreen.storyboard */ = {
			isa = PBXVariantGroup;
			children = (
				2876650D24E2D1C1000A6BEC /* Base */,
			);
			name = LaunchScreen.storyboard;
			sourceTree = "<group>";
		};
/* End PBXVariantGroup section */

/* Begin XCBuildConfiguration section */
		2876651024E2D1C1000A6BEC /* Debug */ = {
			isa = XCBuildConfiguration;
			buildSettings = {
				ALWAYS_SEARCH_USER_PATHS = NO;
				CLANG_ANALYZER_NONNULL = YES;
				CLANG_ANALYZER_NUMBER_OBJECT_CONVERSION = YES_AGGRESSIVE;
				CLANG_CXX_LANGUAGE_STANDARD = "gnu++14";
				CLANG_CXX_LIBRARY = "libc++";
				CLANG_ENABLE_MODULES = YES;
				CLANG_ENABLE_OBJC_ARC = YES;
				CLANG_ENABLE_OBJC_WEAK = YES;
				CLANG_WARN_BLOCK_CAPTURE_AUTORELEASING = YES;
				CLANG_WARN_BOOL_CONVERSION = YES;
				CLANG_WARN_COMMA = YES;
				CLANG_WARN_CONSTANT_CONVERSION = YES;
				CLANG_WARN_DEPRECATED_OBJC_IMPLEMENTATIONS = YES;
				CLANG_WARN_DIRECT_OBJC_ISA_USAGE = YES_ERROR;
				CLANG_WARN_DOCUMENTATION_COMMENTS = YES;
				CLANG_WARN_EMPTY_BODY = YES;
				CLANG_WARN_ENUM_CONVERSION = YES;
				CLANG_WARN_INFINITE_RECURSION = YES;
				CLANG_WARN_INT_CONVERSION = YES;
				CLANG_WARN_NON_LITERAL_NULL_CONVERSION = YES;
				CLANG_WARN_OBJC_IMPLICIT_RETAIN_SELF = YES;
				CLANG_WARN_OBJC_LITERAL_CONVERSION = YES;
				CLANG_WARN_OBJC_ROOT_CLASS = YES_ERROR;
				CLANG_WARN_RANGE_LOOP_ANALYSIS = YES;
				CLANG_WARN_STRICT_PROTOTYPES = YES;
				CLANG_WARN_SUSPICIOUS_MOVE = YES;
				CLANG_WARN_UNGUARDED_AVAILABILITY = YES_AGGRESSIVE;
				CLANG_WARN_UNREACHABLE_CODE = YES;
				CLANG_WARN__DUPLICATE_METHOD_MATCH = YES;
				COPY_PHASE_STRIP = NO;
				DEBUG_INFORMATION_FORMAT = dwarf;
				ENABLE_STRICT_OBJC_MSGSEND = YES;
				ENABLE_TESTABILITY = YES;
				GCC_C_LANGUAGE_STANDARD = gnu11;
				GCC_DYNAMIC_NO_PIC = NO;
				GCC_NO_COMMON_BLOCKS = YES;
				GCC_OPTIMIZATION_LEVEL = 0;
				GCC_PREPROCESSOR_DEFINITIONS = (
					"DEBUG=1",
					"$(inherited)",
				);
				GCC_WARN_64_TO_32_BIT_CONVERSION = YES;
				GCC_WARN_ABOUT_RETURN_TYPE = YES_ERROR;
				GCC_WARN_UNDECLARED_SELECTOR = YES;
				GCC_WARN_UNINITIALIZED_AUTOS = YES_AGGRESSIVE;
				GCC_WARN_UNUSED_FUNCTION = YES;
				GCC_WARN_UNUSED_VARIABLE = YES;
				IPHONEOS_DEPLOYMENT_TARGET = 13.2;
				MTL_ENABLE_DEBUG_INFO = INCLUDE_SOURCE;
				MTL_FAST_MATH = YES;
				ONLY_ACTIVE_ARCH = YES;
				SDKROOT = iphoneos;
				SWIFT_ACTIVE_COMPILATION_CONDITIONS = DEBUG;
				SWIFT_OPTIMIZATION_LEVEL = "-Onone";
			};
			name = Debug;
		};
		2876651124E2D1C1000A6BEC /* Release */ = {
			isa = XCBuildConfiguration;
			buildSettings = {
				ALWAYS_SEARCH_USER_PATHS = NO;
				CLANG_ANALYZER_NONNULL = YES;
				CLANG_ANALYZER_NUMBER_OBJECT_CONVERSION = YES_AGGRESSIVE;
				CLANG_CXX_LANGUAGE_STANDARD = "gnu++14";
				CLANG_CXX_LIBRARY = "libc++";
				CLANG_ENABLE_MODULES = YES;
				CLANG_ENABLE_OBJC_ARC = YES;
				CLANG_ENABLE_OBJC_WEAK = YES;
				CLANG_WARN_BLOCK_CAPTURE_AUTORELEASING = YES;
				CLANG_WARN_BOOL_CONVERSION = YES;
				CLANG_WARN_COMMA = YES;
				CLANG_WARN_CONSTANT_CONVERSION = YES;
				CLANG_WARN_DEPRECATED_OBJC_IMPLEMENTATIONS = YES;
				CLANG_WARN_DIRECT_OBJC_ISA_USAGE = YES_ERROR;
				CLANG_WARN_DOCUMENTATION_COMMENTS = YES;
				CLANG_WARN_EMPTY_BODY = YES;
				CLANG_WARN_ENUM_CONVERSION = YES;
				CLANG_WARN_INFINITE_RECURSION = YES;
				CLANG_WARN_INT_CONVERSION = YES;
				CLANG_WARN_NON_LITERAL_NULL_CONVERSION = YES;
				CLANG_WARN_OBJC_IMPLICIT_RETAIN_SELF = YES;
				CLANG_WARN_OBJC_LITERAL_CONVERSION = YES;
				CLANG_WARN_OBJC_ROOT_CLASS = YES_ERROR;
				CLANG_WARN_RANGE_LOOP_ANALYSIS = YES;
				CLANG_WARN_STRICT_PROTOTYPES = YES;
				CLANG_WARN_SUSPICIOUS_MOVE = YES;
				CLANG_WARN_UNGUARDED_AVAILABILITY = YES_AGGRESSIVE;
				CLANG_WARN_UNREACHABLE_CODE = YES;
				CLANG_WARN__DUPLICATE_METHOD_MATCH = YES;
				COPY_PHASE_STRIP = NO;
				DEBUG_INFORMATION_FORMAT = "dwarf-with-dsym";
				ENABLE_NS_ASSERTIONS = NO;
				ENABLE_STRICT_OBJC_MSGSEND = YES;
				GCC_C_LANGUAGE_STANDARD = gnu11;
				GCC_NO_COMMON_BLOCKS = YES;
				GCC_WARN_64_TO_32_BIT_CONVERSION = YES;
				GCC_WARN_ABOUT_RETURN_TYPE = YES_ERROR;
				GCC_WARN_UNDECLARED_SELECTOR = YES;
				GCC_WARN_UNINITIALIZED_AUTOS = YES_AGGRESSIVE;
				GCC_WARN_UNUSED_FUNCTION = YES;
				GCC_WARN_UNUSED_VARIABLE = YES;
				IPHONEOS_DEPLOYMENT_TARGET = 13.2;
				MTL_ENABLE_DEBUG_INFO = NO;
				MTL_FAST_MATH = YES;
				SDKROOT = iphoneos;
				SWIFT_COMPILATION_MODE = wholemodule;
				SWIFT_OPTIMIZATION_LEVEL = "-O";
				VALIDATE_PRODUCT = YES;
			};
			name = Release;
		};
		2876651324E2D1C1000A6BEC /* Debug */ = {
			isa = XCBuildConfiguration;
			buildSettings = {
				ASSETCATALOG_COMPILER_APPICON_NAME = AppIcon;
				CODE_SIGN_STYLE = Automatic;
				DEVELOPMENT_ASSET_PATHS = "\"DragGestureA/Preview Content\"";
				DEVELOPMENT_TEAM = MD6F3HKY93;
				ENABLE_PREVIEWS = YES;
				INFOPLIST_FILE = DragGestureA/Info.plist;
				LD_RUNPATH_SEARCH_PATHS = (
					"$(inherited)",
					"@executable_path/Frameworks",
				);
				PRODUCT_BUNDLE_IDENTIFIER = com.banyucenter.DragGestureA;
				PRODUCT_NAME = "$(TARGET_NAME)";
				SWIFT_VERSION = 5.0;
				TARGETED_DEVICE_FAMILY = "1,2";
			};
			name = Debug;
		};
		2876651424E2D1C1000A6BEC /* Release */ = {
			isa = XCBuildConfiguration;
			buildSettings = {
				ASSETCATALOG_COMPILER_APPICON_NAME = AppIcon;
				CODE_SIGN_STYLE = Automatic;
				DEVELOPMENT_ASSET_PATHS = "\"DragGestureA/Preview Content\"";
				DEVELOPMENT_TEAM = MD6F3HKY93;
				ENABLE_PREVIEWS = YES;
				INFOPLIST_FILE = DragGestureA/Info.plist;
				LD_RUNPATH_SEARCH_PATHS = (
					"$(inherited)",
					"@executable_path/Frameworks",
				);
				PRODUCT_BUNDLE_IDENTIFIER = com.banyucenter.DragGestureA;
				PRODUCT_NAME = "$(TARGET_NAME)";
				SWIFT_VERSION = 5.0;
				TARGETED_DEVICE_FAMILY = "1,2";
			};
			name = Release;
		};
/* End XCBuildConfiguration section */

/* Begin XCConfigurationList section */
		287664F924E2D1BD000A6BEC /* Build configuration list for PBXProject "DragGestureA" */ = {
			isa = XCConfigurationList;
			buildConfigurations = (
				2876651024E2D1C1000A6BEC /* Debug */,
				2876651124E2D1C1000A6BEC /* Release */,
			);
			defaultConfigurationIsVisible = 0;
			defaultConfigurationName = Release;
		};
		2876651224E2D1C1000A6BEC /* Build configuration list for PBXNativeTarget "DragGestureA" */ = {
			isa = XCConfigurationList;
			buildConfigurations = (
				2876651324E2D1C1000A6BEC /* Debug */,
				2876651424E2D1C1000A6BEC /* Release */,
			);
			defaultConfigurationIsVisible = 0;
			defaultConfigurationName = Release;
		};
/* End XCConfigurationList section */
	};
	rootObject = 287664F624E2D1BD000A6BEC /* Project object */;
}
